// !$*UTF8*$!
{
	archiveVersion = 1;
	classes = {
	};
	objectVersion = 47;
	objects = {

/* Begin PBXBuildFile section */
		250B8A3611A910EAA1DF9115 /* Pods.framework in Frameworks */ = {isa = PBXBuildFile; fileRef = F1B64A3D8020B6BA6CDF062D /* Pods.framework */; };
		650069491CC8D7EC00808F29 /* GameController.swift in Sources */ = {isa = PBXBuildFile; fileRef = 650069481CC8D7EC00808F29 /* GameController.swift */; };
		6500694D1CC9243D00808F29 /* Range.png in Resources */ = {isa = PBXBuildFile; fileRef = 6500694C1CC9243D00808F29 /* Range.png */; };
		650069531CC950D300808F29 /* ClassicGameScene.swift in Sources */ = {isa = PBXBuildFile; fileRef = 650069521CC950D300808F29 /* ClassicGameScene.swift */; };
		6500695C1CC9B88D00808F29 /* PauseOverlay.png in Resources */ = {isa = PBXBuildFile; fileRef = 6500695A1CC9B88C00808F29 /* PauseOverlay.png */; };
		6500695D1CC9B88D00808F29 /* splash.png in Resources */ = {isa = PBXBuildFile; fileRef = 6500695B1CC9B88C00808F29 /* splash.png */; };
		6500695F1CC9BB5800808F29 /* Podfile in Resources */ = {isa = PBXBuildFile; fileRef = 6500695E1CC9BB5800808F29 /* Podfile */; };
		65185C2A1CCFA73F00FF0935 /* GameHelper.swift in Sources */ = {isa = PBXBuildFile; fileRef = 65AB75131CCCA66C00B8A933 /* GameHelper.swift */; };
		65185C2B1CCFA74400FF0935 /* AchievementHelper.swift in Sources */ = {isa = PBXBuildFile; fileRef = 65AB75151CCCA6AD00B8A933 /* AchievementHelper.swift */; };
		65185C301CCFD1BE00FF0935 /* winning.wav in Resources */ = {isa = PBXBuildFile; fileRef = 65185C2E1CCFD1BE00FF0935 /* winning.wav */; };
		65185C531CD19F1400FF0935 /* collect.wav in Resources */ = {isa = PBXBuildFile; fileRef = 65185C521CD19F1400FF0935 /* collect.wav */; };
		652742B21CCCFA5500F9CC81 /* TVServices.framework in Frameworks */ = {isa = PBXBuildFile; fileRef = 652742B11CCCFA5500F9CC81 /* TVServices.framework */; };
		652742BF1CCD854800F9CC81 /* skull.png in Resources */ = {isa = PBXBuildFile; fileRef = 652742BE1CCD854800F9CC81 /* skull.png */; };
		652742CB1CCF7C0500F9CC81 /* circle-shadow.png in Resources */ = {isa = PBXBuildFile; fileRef = 652742CA1CCF7C0500F9CC81 /* circle-shadow.png */; };
		652B22311CC6FE71009DCEF9 /* left-normal.png in Resources */ = {isa = PBXBuildFile; fileRef = 652B222D1CC6FE71009DCEF9 /* left-normal.png */; };
		652B22321CC6FE71009DCEF9 /* right-normal.png in Resources */ = {isa = PBXBuildFile; fileRef = 652B222E1CC6FE71009DCEF9 /* right-normal.png */; };
		652B22331CC6FE71009DCEF9 /* left-highlight.png in Resources */ = {isa = PBXBuildFile; fileRef = 652B222F1CC6FE71009DCEF9 /* left-highlight.png */; };
		652B22341CC6FE71009DCEF9 /* right-highlight.png in Resources */ = {isa = PBXBuildFile; fileRef = 652B22301CC6FE71009DCEF9 /* right-highlight.png */; };
		652B61AC1CC56555001E553D /* AppDelegate.swift in Sources */ = {isa = PBXBuildFile; fileRef = 652B61AB1CC56555001E553D /* AppDelegate.swift */; };
		652B61B21CC56555001E553D /* GameViewController.swift in Sources */ = {isa = PBXBuildFile; fileRef = 652B61B11CC56555001E553D /* GameViewController.swift */; };
		652B61B41CC56555001E553D /* Game.xcassets in Resources */ = {isa = PBXBuildFile; fileRef = 652B61B31CC56555001E553D /* Game.xcassets */; };
		652B61B71CC56555001E553D /* Main.storyboard in Resources */ = {isa = PBXBuildFile; fileRef = 652B61B51CC56555001E553D /* Main.storyboard */; };
		652B61B91CC56555001E553D /* Assets.xcassets in Resources */ = {isa = PBXBuildFile; fileRef = 652B61B81CC56555001E553D /* Assets.xcassets */; };
		652B61C81CC5664A001E553D /* Button-Normal.png in Resources */ = {isa = PBXBuildFile; fileRef = 652B61C01CC5664A001E553D /* Button-Normal.png */; };
		652B61C91CC5664A001E553D /* Button-Highlighted.png in Resources */ = {isa = PBXBuildFile; fileRef = 652B61C11CC5664A001E553D /* Button-Highlighted.png */; };
		652B61D41CC56785001E553D /* SoundOff-Normal.png in Resources */ = {isa = PBXBuildFile; fileRef = 652B61D01CC56785001E553D /* SoundOff-Normal.png */; };
		652B61D51CC56785001E553D /* SoundOn-Normal.png in Resources */ = {isa = PBXBuildFile; fileRef = 652B61D11CC56785001E553D /* SoundOn-Normal.png */; };
		652B61D61CC56785001E553D /* SoundOff-Highlighted.png in Resources */ = {isa = PBXBuildFile; fileRef = 652B61D21CC56785001E553D /* SoundOff-Highlighted.png */; };
		652B61D71CC56785001E553D /* SoundOn-Highlighted.png in Resources */ = {isa = PBXBuildFile; fileRef = 652B61D31CC56785001E553D /* SoundOn-Highlighted.png */; };
		652B61DA1CC567BA001E553D /* Leaderboard-Normal.png in Resources */ = {isa = PBXBuildFile; fileRef = 652B61D81CC567BA001E553D /* Leaderboard-Normal.png */; };
		652B61DB1CC567BA001E553D /* Leaderboard-Highlighted.png in Resources */ = {isa = PBXBuildFile; fileRef = 652B61D91CC567BA001E553D /* Leaderboard-Highlighted.png */; };
		652B61DE1CC567D7001E553D /* Settings-Normal.png in Resources */ = {isa = PBXBuildFile; fileRef = 652B61DC1CC567D7001E553D /* Settings-Normal.png */; };
		652B61DF1CC567D7001E553D /* Settings-Highlighted.png in Resources */ = {isa = PBXBuildFile; fileRef = 652B61DD1CC567D7001E553D /* Settings-Highlighted.png */; };
		652B61E11CC56B46001E553D /* Window.png in Resources */ = {isa = PBXBuildFile; fileRef = 652B61E01CC56B46001E553D /* Window.png */; };
		652B61E61CC56C97001E553D /* Bar.png in Resources */ = {isa = PBXBuildFile; fileRef = 652B61E51CC56C97001E553D /* Bar.png */; };
		652B61E81CC56D07001E553D /* SoloSettingBkg.png in Resources */ = {isa = PBXBuildFile; fileRef = 652B61E71CC56D07001E553D /* SoloSettingBkg.png */; };
		652B61EC1CC58FE1001E553D /* AudioPlayer.swift in Sources */ = {isa = PBXBuildFile; fileRef = 652B61EB1CC58FE1001E553D /* AudioPlayer.swift */; };
		652B61EF1CC59130001E553D /* mainmenu.wav in Resources */ = {isa = PBXBuildFile; fileRef = 652B61EE1CC59130001E553D /* mainmenu.wav */; };
		652B61F11CC59568001E553D /* Globals.swift in Sources */ = {isa = PBXBuildFile; fileRef = 652B61F01CC59568001E553D /* Globals.swift */; };
		652B61F31CC59F84001E553D /* Bobbleboddy.ttf in Resources */ = {isa = PBXBuildFile; fileRef = 652B61F21CC59F84001E553D /* Bobbleboddy.ttf */; };
		652B61F51CC5A078001E553D /* SettingsViewController.swift in Sources */ = {isa = PBXBuildFile; fileRef = 652B61F41CC5A078001E553D /* SettingsViewController.swift */; };
		652B61F71CC5BFD8001E553D /* bgmusic.mp3 in Resources */ = {isa = PBXBuildFile; fileRef = 652B61F61CC5BFD8001E553D /* bgmusic.mp3 */; };
		652B61FE1CC5C52C001E553D /* Minus-Normal.png in Resources */ = {isa = PBXBuildFile; fileRef = 652B61FC1CC5C52C001E553D /* Minus-Normal.png */; };
		652B61FF1CC5C52C001E553D /* Minus-Highlight.png in Resources */ = {isa = PBXBuildFile; fileRef = 652B61FD1CC5C52C001E553D /* Minus-Highlight.png */; };
		652B62021CC5C534001E553D /* Plus-Normal.png in Resources */ = {isa = PBXBuildFile; fileRef = 652B62001CC5C534001E553D /* Plus-Normal.png */; };
		652B62031CC5C534001E553D /* Plus-Highlight.png in Resources */ = {isa = PBXBuildFile; fileRef = 652B62011CC5C534001E553D /* Plus-Highlight.png */; };
		652B62091CC5D3F2001E553D /* Arrow.png in Resources */ = {isa = PBXBuildFile; fileRef = 652B62041CC5D3F2001E553D /* Arrow.png */; };
		652B620A1CC5D3F2001E553D /* Digits.png in Resources */ = {isa = PBXBuildFile; fileRef = 652B62051CC5D3F2001E553D /* Digits.png */; };
		652B620B1CC5D3F2001E553D /* Dial.png in Resources */ = {isa = PBXBuildFile; fileRef = 652B62061CC5D3F2001E553D /* Dial.png */; };
		652B620C1CC5D3F2001E553D /* Lock.png in Resources */ = {isa = PBXBuildFile; fileRef = 652B62071CC5D3F2001E553D /* Lock.png */; };
		652B620D1CC5D3F2001E553D /* Outer.png in Resources */ = {isa = PBXBuildFile; fileRef = 652B62081CC5D3F2001E553D /* Outer.png */; };
		652B620F1CC5D55A001E553D /* ModernGameScene.swift in Sources */ = {isa = PBXBuildFile; fileRef = 652B620E1CC5D55A001E553D /* ModernGameScene.swift */; };
		652B62111CC5F9B8001E553D /* circus.mp3 in Resources */ = {isa = PBXBuildFile; fileRef = 652B62101CC5F9B8001E553D /* circus.mp3 */; };
		652B62131CC5F9CC001E553D /* space.mp3 in Resources */ = {isa = PBXBuildFile; fileRef = 652B62121CC5F9CC001E553D /* space.mp3 */; };
		652B62151CC5F9EC001E553D /* endless.mp3 in Resources */ = {isa = PBXBuildFile; fileRef = 652B62141CC5F9EC001E553D /* endless.mp3 */; };
		652B621C1CC5FABB001E553D /* Sound.swift in Sources */ = {isa = PBXBuildFile; fileRef = 652B621B1CC5FABB001E553D /* Sound.swift */; };
		6533FDFB1CCB3190001390DD /* enums.swift in Sources */ = {isa = PBXBuildFile; fileRef = 6533FDFA1CCB3190001390DD /* enums.swift */; };
		656BC43E1CD4B223009CAF47 /* SceneHelper.swift in Sources */ = {isa = PBXBuildFile; fileRef = 656BC43D1CD4B223009CAF47 /* SceneHelper.swift */; };
		656CD46B1CC9BCE7002A29F1 /* GameModeController.swift in Sources */ = {isa = PBXBuildFile; fileRef = 656CD46A1CC9BCE7002A29F1 /* GameModeController.swift */; };
		656CD46F1CC9BF51002A29F1 /* logoOnly.png in Resources */ = {isa = PBXBuildFile; fileRef = 656CD46C1CC9BF51002A29F1 /* logoOnly.png */; };
		656CD4701CC9BF51002A29F1 /* mainBackground.png in Resources */ = {isa = PBXBuildFile; fileRef = 656CD46D1CC9BF51002A29F1 /* mainBackground.png */; };
		656CD4771CC9CA63002A29F1 /* FAIL.wav in Resources */ = {isa = PBXBuildFile; fileRef = 656CD4741CC9CA63002A29F1 /* FAIL.wav */; };
		656CD4781CC9CA63002A29F1 /* SUCCESS.wav in Resources */ = {isa = PBXBuildFile; fileRef = 656CD4751CC9CA63002A29F1 /* SUCCESS.wav */; };
		656CD4791CC9CA63002A29F1 /* TOUCH.ogg in Resources */ = {isa = PBXBuildFile; fileRef = 656CD4761CC9CA63002A29F1 /* TOUCH.ogg */; };
		656CD47A1CC9D4DB002A29F1 /* Sniglet.ttf in Resources */ = {isa = PBXBuildFile; fileRef = 652B61E21CC56BC2001E553D /* Sniglet.ttf */; };
		656CD4811CC9DC61002A29F1 /* classicIcon.png in Resources */ = {isa = PBXBuildFile; fileRef = 656CD47F1CC9DC61002A29F1 /* classicIcon.png */; };
		656CD4821CC9DC61002A29F1 /* modernIcon.png in Resources */ = {isa = PBXBuildFile; fileRef = 656CD4801CC9DC61002A29F1 /* modernIcon.png */; };
		656CD4F91CC9DFE0002A29F1 /* AdSupport.framework in Frameworks */ = {isa = PBXBuildFile; fileRef = 656CD4F81CC9DFE0002A29F1 /* AdSupport.framework */; };
		656CD4FB1CC9DFE9002A29F1 /* AVFoundation.framework in Frameworks */ = {isa = PBXBuildFile; fileRef = 656CD4FA1CC9DFE9002A29F1 /* AVFoundation.framework */; };
		656CD4FD1CC9DFED002A29F1 /* CoreGraphics.framework in Frameworks */ = {isa = PBXBuildFile; fileRef = 656CD4FC1CC9DFED002A29F1 /* CoreGraphics.framework */; };
		656CD4FF1CC9DFF1002A29F1 /* CoreMedia.framework in Frameworks */ = {isa = PBXBuildFile; fileRef = 656CD4FE1CC9DFF1002A29F1 /* CoreMedia.framework */; };
		656CD5011CC9DFF6002A29F1 /* StoreKit.framework in Frameworks */ = {isa = PBXBuildFile; fileRef = 656CD5001CC9DFF6002A29F1 /* StoreKit.framework */; };
		656CD5031CC9DFFA002A29F1 /* SystemConfiguration.framework in Frameworks */ = {isa = PBXBuildFile; fileRef = 656CD5021CC9DFFA002A29F1 /* SystemConfiguration.framework */; };
		656CD5051CC9DFFE002A29F1 /* UIKit.framework in Frameworks */ = {isa = PBXBuildFile; fileRef = 656CD5041CC9DFFE002A29F1 /* UIKit.framework */; };
		656CD5231CC9E0CF002A29F1 /* libAppLovinTVOS.a in Frameworks */ = {isa = PBXBuildFile; fileRef = 656CD5221CC9E0CF002A29F1 /* libAppLovinTVOS.a */; };
		658CE60A1CD4590D001DA2FC /* SettingsHelper.swift in Sources */ = {isa = PBXBuildFile; fileRef = 658CE6091CD4590D001DA2FC /* SettingsHelper.swift */; };
		65AA694C1CCC639D00684034 /* Security.framework in Frameworks */ = {isa = PBXBuildFile; fileRef = 65AA694B1CCC639D00684034 /* Security.framework */; };
		65AB75111CCCA63200B8A933 /* CGFloatExtensions.swift in Sources */ = {isa = PBXBuildFile; fileRef = 65AB75101CCCA63200B8A933 /* CGFloatExtensions.swift */; };
		65AB75141CCCA66C00B8A933 /* GameHelper.swift in Sources */ = {isa = PBXBuildFile; fileRef = 65AB75131CCCA66C00B8A933 /* GameHelper.swift */; };
		65AB75161CCCA6AD00B8A933 /* AchievementHelper.swift in Sources */ = {isa = PBXBuildFile; fileRef = 65AB75151CCCA6AD00B8A933 /* AchievementHelper.swift */; };
		65AB75181CCCB52600B8A933 /* UIColorExtension.swift in Sources */ = {isa = PBXBuildFile; fileRef = 65AB75171CCCB52600B8A933 /* UIColorExtension.swift */; };
		65AB75261CCCD2AB00B8A933 /* NumberMorph.swift in Sources */ = {isa = PBXBuildFile; fileRef = 65AB75251CCCD2AB00B8A933 /* NumberMorph.swift */; };
		65B03CE41CCA320F00F1218D /* GameKit.framework in Frameworks */ = {isa = PBXBuildFile; fileRef = 65B03CE31CCA320F00F1218D /* GameKit.framework */; };
		65C18F2B1CD39890008CCF24 /* intro.mp4 in Resources */ = {isa = PBXBuildFile; fileRef = 65C18F2A1CD39890008CCF24 /* intro.mp4 */; };
		65C18F2D1CD3990D008CCF24 /* logo.png in Resources */ = {isa = PBXBuildFile; fileRef = 65C18F2C1CD3990D008CCF24 /* logo.png */; };
		65C18F2F1CD3A889008CCF24 /* Odin.otf in Resources */ = {isa = PBXBuildFile; fileRef = 65C18F2E1CD3A889008CCF24 /* Odin.otf */; };
		65C18F331CD3B216008CCF24 /* play-button-pressed.png in Resources */ = {isa = PBXBuildFile; fileRef = 65C18F301CD3B216008CCF24 /* play-button-pressed.png */; };
		65C18F341CD3B216008CCF24 /* play-button-selected.png in Resources */ = {isa = PBXBuildFile; fileRef = 65C18F311CD3B216008CCF24 /* play-button-selected.png */; };
		65C18F351CD3B216008CCF24 /* play-button-normal.png in Resources */ = {isa = PBXBuildFile; fileRef = 65C18F321CD3B216008CCF24 /* play-button-normal.png */; };
		65C18F391CD3B502008CCF24 /* options-button-pressed.png in Resources */ = {isa = PBXBuildFile; fileRef = 65C18F361CD3B502008CCF24 /* options-button-pressed.png */; };
		65C18F3A1CD3B502008CCF24 /* options-button-focus.png in Resources */ = {isa = PBXBuildFile; fileRef = 65C18F371CD3B502008CCF24 /* options-button-focus.png */; };
		65C18F3B1CD3B502008CCF24 /* options-button-normal.png in Resources */ = {isa = PBXBuildFile; fileRef = 65C18F381CD3B502008CCF24 /* options-button-normal.png */; };
		65C18F3D1CD3BA19008CCF24 /* options-background.png in Resources */ = {isa = PBXBuildFile; fileRef = 65C18F3C1CD3BA19008CCF24 /* options-background.png */; };
/* End PBXBuildFile section */

/* Begin PBXFileReference section */
		14AB3B9CC59D1C8E64E1F548 /* Pods.debug.xcconfig */ = {isa = PBXFileReference; includeInIndex = 1; lastKnownFileType = text.xcconfig; name = Pods.debug.xcconfig; path = "Pods/Target Support Files/Pods/Pods.debug.xcconfig"; sourceTree = "<group>"; };
		650069481CC8D7EC00808F29 /* GameController.swift */ = {isa = PBXFileReference; fileEncoding = 4; lastKnownFileType = sourcecode.swift; path = GameController.swift; sourceTree = "<group>"; };
		6500694C1CC9243D00808F29 /* Range.png */ = {isa = PBXFileReference; lastKnownFileType = image.png; path = Range.png; sourceTree = "<group>"; };
		650069521CC950D300808F29 /* ClassicGameScene.swift */ = {isa = PBXFileReference; fileEncoding = 4; lastKnownFileType = sourcecode.swift; path = ClassicGameScene.swift; sourceTree = "<group>"; };
		6500695A1CC9B88C00808F29 /* PauseOverlay.png */ = {isa = PBXFileReference; lastKnownFileType = image.png; path = PauseOverlay.png; sourceTree = "<group>"; };
		6500695B1CC9B88C00808F29 /* splash.png */ = {isa = PBXFileReference; lastKnownFileType = image.png; path = splash.png; sourceTree = "<group>"; };
		6500695E1CC9BB5800808F29 /* Podfile */ = {isa = PBXFileReference; fileEncoding = 4; lastKnownFileType = text; path = Podfile; sourceTree = "<group>"; xcLanguageSpecificationIdentifier = xcode.lang.ruby; };
		65185C0E1CCFA32500FF0935 /* Locknroll.app */ = {isa = PBXFileReference; explicitFileType = wrapper.application; includeInIndex = 0; path = Locknroll.app; sourceTree = BUILT_PRODUCTS_DIR; };
		65185C2E1CCFD1BE00FF0935 /* winning.wav */ = {isa = PBXFileReference; lastKnownFileType = audio.wav; path = winning.wav; sourceTree = "<group>"; };
		65185C521CD19F1400FF0935 /* collect.wav */ = {isa = PBXFileReference; lastKnownFileType = audio.wav; path = collect.wav; sourceTree = "<group>"; };
		652742B01CCCFA5500F9CC81 /* TopShelf.appex */ = {isa = PBXFileReference; explicitFileType = "wrapper.app-extension"; includeInIndex = 0; path = TopShelf.appex; sourceTree = BUILT_PRODUCTS_DIR; };
		652742B11CCCFA5500F9CC81 /* TVServices.framework */ = {isa = PBXFileReference; lastKnownFileType = wrapper.framework; name = TVServices.framework; path = System/Library/Frameworks/TVServices.framework; sourceTree = SDKROOT; };
		652742BE1CCD854800F9CC81 /* skull.png */ = {isa = PBXFileReference; lastKnownFileType = image.png; path = skull.png; sourceTree = "<group>"; };
		652742CA1CCF7C0500F9CC81 /* circle-shadow.png */ = {isa = PBXFileReference; lastKnownFileType = image.png; path = "circle-shadow.png"; sourceTree = "<group>"; };
		652B222D1CC6FE71009DCEF9 /* left-normal.png */ = {isa = PBXFileReference; lastKnownFileType = image.png; path = "left-normal.png"; sourceTree = "<group>"; };
		652B222E1CC6FE71009DCEF9 /* right-normal.png */ = {isa = PBXFileReference; lastKnownFileType = image.png; path = "right-normal.png"; sourceTree = "<group>"; };
		652B222F1CC6FE71009DCEF9 /* left-highlight.png */ = {isa = PBXFileReference; lastKnownFileType = image.png; path = "left-highlight.png"; sourceTree = "<group>"; };
		652B22301CC6FE71009DCEF9 /* right-highlight.png */ = {isa = PBXFileReference; lastKnownFileType = image.png; path = "right-highlight.png"; sourceTree = "<group>"; };
		652B61A81CC56555001E553D /* LocknRoll.app */ = {isa = PBXFileReference; explicitFileType = wrapper.application; includeInIndex = 0; path = LocknRoll.app; sourceTree = BUILT_PRODUCTS_DIR; };
		652B61AB1CC56555001E553D /* AppDelegate.swift */ = {isa = PBXFileReference; lastKnownFileType = sourcecode.swift; path = AppDelegate.swift; sourceTree = "<group>"; };
		652B61B11CC56555001E553D /* GameViewController.swift */ = {isa = PBXFileReference; lastKnownFileType = sourcecode.swift; path = GameViewController.swift; sourceTree = "<group>"; };
		652B61B31CC56555001E553D /* Game.xcassets */ = {isa = PBXFileReference; lastKnownFileType = folder.assetcatalog; path = Game.xcassets; sourceTree = "<group>"; };
		652B61B61CC56555001E553D /* Base */ = {isa = PBXFileReference; lastKnownFileType = file.storyboard; name = Base; path = Base.lproj/Main.storyboard; sourceTree = "<group>"; };
		652B61B81CC56555001E553D /* Assets.xcassets */ = {isa = PBXFileReference; lastKnownFileType = folder.assetcatalog; path = Assets.xcassets; sourceTree = "<group>"; };
		652B61BA1CC56555001E553D /* Info.plist */ = {isa = PBXFileReference; lastKnownFileType = text.plist.xml; path = Info.plist; sourceTree = "<group>"; };
		652B61C01CC5664A001E553D /* Button-Normal.png */ = {isa = PBXFileReference; lastKnownFileType = image.png; path = "Button-Normal.png"; sourceTree = "<group>"; };
		652B61C11CC5664A001E553D /* Button-Highlighted.png */ = {isa = PBXFileReference; lastKnownFileType = image.png; path = "Button-Highlighted.png"; sourceTree = "<group>"; };
		652B61D01CC56785001E553D /* SoundOff-Normal.png */ = {isa = PBXFileReference; lastKnownFileType = image.png; path = "SoundOff-Normal.png"; sourceTree = "<group>"; };
		652B61D11CC56785001E553D /* SoundOn-Normal.png */ = {isa = PBXFileReference; lastKnownFileType = image.png; path = "SoundOn-Normal.png"; sourceTree = "<group>"; };
		652B61D21CC56785001E553D /* SoundOff-Highlighted.png */ = {isa = PBXFileReference; lastKnownFileType = image.png; path = "SoundOff-Highlighted.png"; sourceTree = "<group>"; };
		652B61D31CC56785001E553D /* SoundOn-Highlighted.png */ = {isa = PBXFileReference; lastKnownFileType = image.png; path = "SoundOn-Highlighted.png"; sourceTree = "<group>"; };
		652B61D81CC567BA001E553D /* Leaderboard-Normal.png */ = {isa = PBXFileReference; lastKnownFileType = image.png; path = "Leaderboard-Normal.png"; sourceTree = "<group>"; };
		652B61D91CC567BA001E553D /* Leaderboard-Highlighted.png */ = {isa = PBXFileReference; lastKnownFileType = image.png; path = "Leaderboard-Highlighted.png"; sourceTree = "<group>"; };
		652B61DC1CC567D7001E553D /* Settings-Normal.png */ = {isa = PBXFileReference; lastKnownFileType = image.png; path = "Settings-Normal.png"; sourceTree = "<group>"; };
		652B61DD1CC567D7001E553D /* Settings-Highlighted.png */ = {isa = PBXFileReference; lastKnownFileType = image.png; path = "Settings-Highlighted.png"; sourceTree = "<group>"; };
		652B61E01CC56B46001E553D /* Window.png */ = {isa = PBXFileReference; lastKnownFileType = image.png; path = Window.png; sourceTree = "<group>"; };
		652B61E21CC56BC2001E553D /* Sniglet.ttf */ = {isa = PBXFileReference; lastKnownFileType = file; path = Sniglet.ttf; sourceTree = "<group>"; };
		652B61E51CC56C97001E553D /* Bar.png */ = {isa = PBXFileReference; lastKnownFileType = image.png; path = Bar.png; sourceTree = "<group>"; };
		652B61E71CC56D07001E553D /* SoloSettingBkg.png */ = {isa = PBXFileReference; lastKnownFileType = image.png; path = SoloSettingBkg.png; sourceTree = "<group>"; };
		652B61EB1CC58FE1001E553D /* AudioPlayer.swift */ = {isa = PBXFileReference; fileEncoding = 4; lastKnownFileType = sourcecode.swift; path = AudioPlayer.swift; sourceTree = "<group>"; };
		652B61EE1CC59130001E553D /* mainmenu.wav */ = {isa = PBXFileReference; lastKnownFileType = audio.wav; path = mainmenu.wav; sourceTree = "<group>"; };
		652B61F01CC59568001E553D /* Globals.swift */ = {isa = PBXFileReference; fileEncoding = 4; lastKnownFileType = sourcecode.swift; path = Globals.swift; sourceTree = "<group>"; };
		652B61F21CC59F84001E553D /* Bobbleboddy.ttf */ = {isa = PBXFileReference; lastKnownFileType = file; path = Bobbleboddy.ttf; sourceTree = "<group>"; };
		652B61F41CC5A078001E553D /* SettingsViewController.swift */ = {isa = PBXFileReference; fileEncoding = 4; lastKnownFileType = sourcecode.swift; path = SettingsViewController.swift; sourceTree = "<group>"; };
		652B61F61CC5BFD8001E553D /* bgmusic.mp3 */ = {isa = PBXFileReference; lastKnownFileType = audio.mp3; path = bgmusic.mp3; sourceTree = "<group>"; };
		652B61FC1CC5C52C001E553D /* Minus-Normal.png */ = {isa = PBXFileReference; lastKnownFileType = image.png; path = "Minus-Normal.png"; sourceTree = "<group>"; };
		652B61FD1CC5C52C001E553D /* Minus-Highlight.png */ = {isa = PBXFileReference; lastKnownFileType = image.png; path = "Minus-Highlight.png"; sourceTree = "<group>"; };
		652B62001CC5C534001E553D /* Plus-Normal.png */ = {isa = PBXFileReference; lastKnownFileType = image.png; path = "Plus-Normal.png"; sourceTree = "<group>"; };
		652B62011CC5C534001E553D /* Plus-Highlight.png */ = {isa = PBXFileReference; lastKnownFileType = image.png; path = "Plus-Highlight.png"; sourceTree = "<group>"; };
		652B62041CC5D3F2001E553D /* Arrow.png */ = {isa = PBXFileReference; lastKnownFileType = image.png; path = Arrow.png; sourceTree = "<group>"; };
		652B62051CC5D3F2001E553D /* Digits.png */ = {isa = PBXFileReference; lastKnownFileType = image.png; path = Digits.png; sourceTree = "<group>"; };
		652B62061CC5D3F2001E553D /* Dial.png */ = {isa = PBXFileReference; lastKnownFileType = image.png; path = Dial.png; sourceTree = "<group>"; };
		652B62071CC5D3F2001E553D /* Lock.png */ = {isa = PBXFileReference; lastKnownFileType = image.png; path = Lock.png; sourceTree = "<group>"; };
		652B62081CC5D3F2001E553D /* Outer.png */ = {isa = PBXFileReference; lastKnownFileType = image.png; path = Outer.png; sourceTree = "<group>"; };
		652B620E1CC5D55A001E553D /* ModernGameScene.swift */ = {isa = PBXFileReference; fileEncoding = 4; lastKnownFileType = sourcecode.swift; path = ModernGameScene.swift; sourceTree = "<group>"; };
		652B62101CC5F9B8001E553D /* circus.mp3 */ = {isa = PBXFileReference; lastKnownFileType = audio.mp3; path = circus.mp3; sourceTree = "<group>"; };
		652B62121CC5F9CC001E553D /* space.mp3 */ = {isa = PBXFileReference; lastKnownFileType = audio.mp3; path = space.mp3; sourceTree = "<group>"; };
		652B62141CC5F9EC001E553D /* endless.mp3 */ = {isa = PBXFileReference; lastKnownFileType = audio.mp3; path = endless.mp3; sourceTree = "<group>"; };
		652B621B1CC5FABB001E553D /* Sound.swift */ = {isa = PBXFileReference; fileEncoding = 4; lastKnownFileType = sourcecode.swift; path = Sound.swift; sourceTree = "<group>"; };
		6533FDFA1CCB3190001390DD /* enums.swift */ = {isa = PBXFileReference; fileEncoding = 4; lastKnownFileType = sourcecode.swift; path = enums.swift; sourceTree = "<group>"; };
		656BC43D1CD4B223009CAF47 /* SceneHelper.swift */ = {isa = PBXFileReference; fileEncoding = 4; lastKnownFileType = sourcecode.swift; path = SceneHelper.swift; sourceTree = "<group>"; };
		656CD46A1CC9BCE7002A29F1 /* GameModeController.swift */ = {isa = PBXFileReference; fileEncoding = 4; lastKnownFileType = sourcecode.swift; path = GameModeController.swift; sourceTree = "<group>"; };
		656CD46C1CC9BF51002A29F1 /* logoOnly.png */ = {isa = PBXFileReference; lastKnownFileType = image.png; path = logoOnly.png; sourceTree = "<group>"; };
		656CD46D1CC9BF51002A29F1 /* mainBackground.png */ = {isa = PBXFileReference; lastKnownFileType = image.png; path = mainBackground.png; sourceTree = "<group>"; };
		656CD4741CC9CA63002A29F1 /* FAIL.wav */ = {isa = PBXFileReference; lastKnownFileType = audio.wav; path = FAIL.wav; sourceTree = "<group>"; };
		656CD4751CC9CA63002A29F1 /* SUCCESS.wav */ = {isa = PBXFileReference; lastKnownFileType = audio.wav; path = SUCCESS.wav; sourceTree = "<group>"; };
		656CD4761CC9CA63002A29F1 /* TOUCH.ogg */ = {isa = PBXFileReference; lastKnownFileType = file; path = TOUCH.ogg; sourceTree = "<group>"; };
		656CD47F1CC9DC61002A29F1 /* classicIcon.png */ = {isa = PBXFileReference; lastKnownFileType = image.png; path = classicIcon.png; sourceTree = "<group>"; };
		656CD4801CC9DC61002A29F1 /* modernIcon.png */ = {isa = PBXFileReference; lastKnownFileType = image.png; path = modernIcon.png; sourceTree = "<group>"; };
		656CD4F71CC9DFA0002A29F1 /* bridge.h */ = {isa = PBXFileReference; lastKnownFileType = sourcecode.c.h; path = bridge.h; sourceTree = "<group>"; };
		656CD4F81CC9DFE0002A29F1 /* AdSupport.framework */ = {isa = PBXFileReference; lastKnownFileType = wrapper.framework; name = AdSupport.framework; path = System/Library/Frameworks/AdSupport.framework; sourceTree = SDKROOT; };
		656CD4FA1CC9DFE9002A29F1 /* AVFoundation.framework */ = {isa = PBXFileReference; lastKnownFileType = wrapper.framework; name = AVFoundation.framework; path = System/Library/Frameworks/AVFoundation.framework; sourceTree = SDKROOT; };
		656CD4FC1CC9DFED002A29F1 /* CoreGraphics.framework */ = {isa = PBXFileReference; lastKnownFileType = wrapper.framework; name = CoreGraphics.framework; path = System/Library/Frameworks/CoreGraphics.framework; sourceTree = SDKROOT; };
		656CD4FE1CC9DFF1002A29F1 /* CoreMedia.framework */ = {isa = PBXFileReference; lastKnownFileType = wrapper.framework; name = CoreMedia.framework; path = System/Library/Frameworks/CoreMedia.framework; sourceTree = SDKROOT; };
		656CD5001CC9DFF6002A29F1 /* StoreKit.framework */ = {isa = PBXFileReference; lastKnownFileType = wrapper.framework; name = StoreKit.framework; path = System/Library/Frameworks/StoreKit.framework; sourceTree = SDKROOT; };
		656CD5021CC9DFFA002A29F1 /* SystemConfiguration.framework */ = {isa = PBXFileReference; lastKnownFileType = wrapper.framework; name = SystemConfiguration.framework; path = System/Library/Frameworks/SystemConfiguration.framework; sourceTree = SDKROOT; };
		656CD5041CC9DFFE002A29F1 /* UIKit.framework */ = {isa = PBXFileReference; lastKnownFileType = wrapper.framework; name = UIKit.framework; path = System/Library/Frameworks/UIKit.framework; sourceTree = SDKROOT; };
		656CD5081CC9E0CF002A29F1 /* ALAd.h */ = {isa = PBXFileReference; fileEncoding = 4; lastKnownFileType = sourcecode.c.h; path = ALAd.h; sourceTree = "<group>"; };
		656CD5091CC9E0CF002A29F1 /* ALAdDisplayDelegate.h */ = {isa = PBXFileReference; fileEncoding = 4; lastKnownFileType = sourcecode.c.h; path = ALAdDisplayDelegate.h; sourceTree = "<group>"; };
		656CD50A1CC9E0CF002A29F1 /* ALAdLoadDelegate.h */ = {isa = PBXFileReference; fileEncoding = 4; lastKnownFileType = sourcecode.c.h; path = ALAdLoadDelegate.h; sourceTree = "<group>"; };
		656CD50B1CC9E0CF002A29F1 /* ALAdRewardDelegate.h */ = {isa = PBXFileReference; fileEncoding = 4; lastKnownFileType = sourcecode.c.h; path = ALAdRewardDelegate.h; sourceTree = "<group>"; };
		656CD50C1CC9E0CF002A29F1 /* ALAdService.h */ = {isa = PBXFileReference; fileEncoding = 4; lastKnownFileType = sourcecode.c.h; path = ALAdService.h; sourceTree = "<group>"; };
		656CD50D1CC9E0CF002A29F1 /* ALAdSize.h */ = {isa = PBXFileReference; fileEncoding = 4; lastKnownFileType = sourcecode.c.h; path = ALAdSize.h; sourceTree = "<group>"; };
		656CD50E1CC9E0CF002A29F1 /* ALAdType.h */ = {isa = PBXFileReference; fileEncoding = 4; lastKnownFileType = sourcecode.c.h; path = ALAdType.h; sourceTree = "<group>"; };
		656CD50F1CC9E0CF002A29F1 /* ALAdUpdateDelegate.h */ = {isa = PBXFileReference; fileEncoding = 4; lastKnownFileType = sourcecode.c.h; path = ALAdUpdateDelegate.h; sourceTree = "<group>"; };
		656CD5101CC9E0CF002A29F1 /* ALAdVideoPlaybackDelegate.h */ = {isa = PBXFileReference; fileEncoding = 4; lastKnownFileType = sourcecode.c.h; path = ALAdVideoPlaybackDelegate.h; sourceTree = "<group>"; };
		656CD5111CC9E0CF002A29F1 /* ALAdView.h */ = {isa = PBXFileReference; fileEncoding = 4; lastKnownFileType = sourcecode.c.h; path = ALAdView.h; sourceTree = "<group>"; };
		656CD5121CC9E0CF002A29F1 /* ALAnnotations.h */ = {isa = PBXFileReference; fileEncoding = 4; lastKnownFileType = sourcecode.c.h; path = ALAnnotations.h; sourceTree = "<group>"; };
		656CD5131CC9E0CF002A29F1 /* ALErrorCodes.h */ = {isa = PBXFileReference; fileEncoding = 4; lastKnownFileType = sourcecode.c.h; path = ALErrorCodes.h; sourceTree = "<group>"; };
		656CD5141CC9E0CF002A29F1 /* ALEventService.h */ = {isa = PBXFileReference; fileEncoding = 4; lastKnownFileType = sourcecode.c.h; path = ALEventService.h; sourceTree = "<group>"; };
		656CD5151CC9E0CF002A29F1 /* ALEventTypes.h */ = {isa = PBXFileReference; fileEncoding = 4; lastKnownFileType = sourcecode.c.h; path = ALEventTypes.h; sourceTree = "<group>"; };
		656CD5161CC9E0CF002A29F1 /* ALIncentivizedInterstitialAd.h */ = {isa = PBXFileReference; fileEncoding = 4; lastKnownFileType = sourcecode.c.h; path = ALIncentivizedInterstitialAd.h; sourceTree = "<group>"; };
		656CD5171CC9E0CF002A29F1 /* ALInterstitialAd.h */ = {isa = PBXFileReference; fileEncoding = 4; lastKnownFileType = sourcecode.c.h; path = ALInterstitialAd.h; sourceTree = "<group>"; };
		656CD5181CC9E0CF002A29F1 /* ALNativeAd.h */ = {isa = PBXFileReference; fileEncoding = 4; lastKnownFileType = sourcecode.c.h; path = ALNativeAd.h; sourceTree = "<group>"; };
		656CD5191CC9E0CF002A29F1 /* ALNativeAdLoadDelegate.h */ = {isa = PBXFileReference; fileEncoding = 4; lastKnownFileType = sourcecode.c.h; path = ALNativeAdLoadDelegate.h; sourceTree = "<group>"; };
		656CD51A1CC9E0CF002A29F1 /* ALNativeAdPrecacheDelegate.h */ = {isa = PBXFileReference; fileEncoding = 4; lastKnownFileType = sourcecode.c.h; path = ALNativeAdPrecacheDelegate.h; sourceTree = "<group>"; };
		656CD51B1CC9E0CF002A29F1 /* ALNativeAdService.h */ = {isa = PBXFileReference; fileEncoding = 4; lastKnownFileType = sourcecode.c.h; path = ALNativeAdService.h; sourceTree = "<group>"; };
		656CD51C1CC9E0CF002A29F1 /* ALPostbackDelegate.h */ = {isa = PBXFileReference; fileEncoding = 4; lastKnownFileType = sourcecode.c.h; path = ALPostbackDelegate.h; sourceTree = "<group>"; };
		656CD51D1CC9E0CF002A29F1 /* ALPostbackService.h */ = {isa = PBXFileReference; fileEncoding = 4; lastKnownFileType = sourcecode.c.h; path = ALPostbackService.h; sourceTree = "<group>"; };
		656CD51E1CC9E0CF002A29F1 /* ALSdk.h */ = {isa = PBXFileReference; fileEncoding = 4; lastKnownFileType = sourcecode.c.h; path = ALSdk.h; sourceTree = "<group>"; };
		656CD51F1CC9E0CF002A29F1 /* ALSdkSettings.h */ = {isa = PBXFileReference; fileEncoding = 4; lastKnownFileType = sourcecode.c.h; path = ALSdkSettings.h; sourceTree = "<group>"; };
		656CD5201CC9E0CF002A29F1 /* ALSwiftHeaders.h */ = {isa = PBXFileReference; fileEncoding = 4; lastKnownFileType = sourcecode.c.h; path = ALSwiftHeaders.h; sourceTree = "<group>"; };
		656CD5211CC9E0CF002A29F1 /* ALTargetingData.h */ = {isa = PBXFileReference; fileEncoding = 4; lastKnownFileType = sourcecode.c.h; path = ALTargetingData.h; sourceTree = "<group>"; };
		656CD5221CC9E0CF002A29F1 /* libAppLovinTVOS.a */ = {isa = PBXFileReference; lastKnownFileType = archive.ar; path = libAppLovinTVOS.a; sourceTree = "<group>"; };
		658CE6091CD4590D001DA2FC /* SettingsHelper.swift */ = {isa = PBXFileReference; fileEncoding = 4; lastKnownFileType = sourcecode.swift; path = SettingsHelper.swift; sourceTree = "<group>"; };
		65AA694B1CCC639D00684034 /* Security.framework */ = {isa = PBXFileReference; lastKnownFileType = wrapper.framework; name = Security.framework; path = System/Library/Frameworks/Security.framework; sourceTree = SDKROOT; };
		65AB75101CCCA63200B8A933 /* CGFloatExtensions.swift */ = {isa = PBXFileReference; fileEncoding = 4; lastKnownFileType = sourcecode.swift; path = CGFloatExtensions.swift; sourceTree = "<group>"; };
		65AB75131CCCA66C00B8A933 /* GameHelper.swift */ = {isa = PBXFileReference; fileEncoding = 4; lastKnownFileType = sourcecode.swift; path = GameHelper.swift; sourceTree = "<group>"; };
		65AB75151CCCA6AD00B8A933 /* AchievementHelper.swift */ = {isa = PBXFileReference; fileEncoding = 4; lastKnownFileType = sourcecode.swift; path = AchievementHelper.swift; sourceTree = "<group>"; };
		65AB75171CCCB52600B8A933 /* UIColorExtension.swift */ = {isa = PBXFileReference; fileEncoding = 4; lastKnownFileType = sourcecode.swift; path = UIColorExtension.swift; sourceTree = "<group>"; };
		65AB75251CCCD2AB00B8A933 /* NumberMorph.swift */ = {isa = PBXFileReference; fileEncoding = 4; lastKnownFileType = sourcecode.swift; path = NumberMorph.swift; sourceTree = "<group>"; };
		65B03CE31CCA320F00F1218D /* GameKit.framework */ = {isa = PBXFileReference; lastKnownFileType = wrapper.framework; name = GameKit.framework; path = System/Library/Frameworks/GameKit.framework; sourceTree = SDKROOT; };
		65C18F2A1CD39890008CCF24 /* intro.mp4 */ = {isa = PBXFileReference; lastKnownFileType = file; path = intro.mp4; sourceTree = "<group>"; };
		65C18F2C1CD3990D008CCF24 /* logo.png */ = {isa = PBXFileReference; lastKnownFileType = image.png; path = logo.png; sourceTree = "<group>"; };
		65C18F2E1CD3A889008CCF24 /* Odin.otf */ = {isa = PBXFileReference; lastKnownFileType = file; path = Odin.otf; sourceTree = "<group>"; };
		65C18F301CD3B216008CCF24 /* play-button-pressed.png */ = {isa = PBXFileReference; lastKnownFileType = image.png; path = "play-button-pressed.png"; sourceTree = "<group>"; };
		65C18F311CD3B216008CCF24 /* play-button-selected.png */ = {isa = PBXFileReference; lastKnownFileType = image.png; path = "play-button-selected.png"; sourceTree = "<group>"; };
		65C18F321CD3B216008CCF24 /* play-button-normal.png */ = {isa = PBXFileReference; lastKnownFileType = image.png; path = "play-button-normal.png"; sourceTree = "<group>"; };
		65C18F361CD3B502008CCF24 /* options-button-pressed.png */ = {isa = PBXFileReference; lastKnownFileType = image.png; path = "options-button-pressed.png"; sourceTree = "<group>"; };
		65C18F371CD3B502008CCF24 /* options-button-focus.png */ = {isa = PBXFileReference; lastKnownFileType = image.png; path = "options-button-focus.png"; sourceTree = "<group>"; };
		65C18F381CD3B502008CCF24 /* options-button-normal.png */ = {isa = PBXFileReference; lastKnownFileType = image.png; path = "options-button-normal.png"; sourceTree = "<group>"; };
		65C18F3C1CD3BA19008CCF24 /* options-background.png */ = {isa = PBXFileReference; lastKnownFileType = image.png; path = "options-background.png"; sourceTree = "<group>"; };
		C1E8887B6C9EBA9CB1B37559 /* Pods.release.xcconfig */ = {isa = PBXFileReference; includeInIndex = 1; lastKnownFileType = text.xcconfig; name = Pods.release.xcconfig; path = "Pods/Target Support Files/Pods/Pods.release.xcconfig"; sourceTree = "<group>"; };
		F1B64A3D8020B6BA6CDF062D /* Pods.framework */ = {isa = PBXFileReference; explicitFileType = wrapper.framework; includeInIndex = 0; path = Pods.framework; sourceTree = BUILT_PRODUCTS_DIR; };
/* End PBXFileReference section */

/* Begin PBXFrameworksBuildPhase section */
		65185C0B1CCFA32500FF0935 /* Frameworks */ = {
			isa = PBXFrameworksBuildPhase;
			buildActionMask = 2147483647;
			files = (
			);
			runOnlyForDeploymentPostprocessing = 0;
		};
		652742AD1CCCFA5500F9CC81 /* Frameworks */ = {
			isa = PBXFrameworksBuildPhase;
			buildActionMask = 2147483647;
			files = (
				652742B21CCCFA5500F9CC81 /* TVServices.framework in Frameworks */,
			);
			runOnlyForDeploymentPostprocessing = 0;
		};
		652B61A51CC56555001E553D /* Frameworks */ = {
			isa = PBXFrameworksBuildPhase;
			buildActionMask = 2147483647;
			files = (
				65AA694C1CCC639D00684034 /* Security.framework in Frameworks */,
				656CD5051CC9DFFE002A29F1 /* UIKit.framework in Frameworks */,
				656CD5031CC9DFFA002A29F1 /* SystemConfiguration.framework in Frameworks */,
				656CD5011CC9DFF6002A29F1 /* StoreKit.framework in Frameworks */,
				656CD4FF1CC9DFF1002A29F1 /* CoreMedia.framework in Frameworks */,
				250B8A3611A910EAA1DF9115 /* Pods.framework in Frameworks */,
				656CD4FD1CC9DFED002A29F1 /* CoreGraphics.framework in Frameworks */,
				656CD4FB1CC9DFE9002A29F1 /* AVFoundation.framework in Frameworks */,
				656CD5231CC9E0CF002A29F1 /* libAppLovinTVOS.a in Frameworks */,
				656CD4F91CC9DFE0002A29F1 /* AdSupport.framework in Frameworks */,
				65B03CE41CCA320F00F1218D /* GameKit.framework in Frameworks */,
			);
			runOnlyForDeploymentPostprocessing = 0;
		};
/* End PBXFrameworksBuildPhase section */

/* Begin PBXGroup section */
		413DFE5332207CE6F11037B4 /* Pods */ = {
			isa = PBXGroup;
			children = (
				14AB3B9CC59D1C8E64E1F548 /* Pods.debug.xcconfig */,
				C1E8887B6C9EBA9CB1B37559 /* Pods.release.xcconfig */,
			);
			name = Pods;
			sourceTree = "<group>";
		};
		4A5BB90B8CCCCEFB2C43857C /* Frameworks */ = {
			isa = PBXGroup;
			children = (
				65AA694B1CCC639D00684034 /* Security.framework */,
				65B03CE31CCA320F00F1218D /* GameKit.framework */,
				656CD5041CC9DFFE002A29F1 /* UIKit.framework */,
				656CD5021CC9DFFA002A29F1 /* SystemConfiguration.framework */,
				656CD5001CC9DFF6002A29F1 /* StoreKit.framework */,
				656CD4FE1CC9DFF1002A29F1 /* CoreMedia.framework */,
				656CD4FC1CC9DFED002A29F1 /* CoreGraphics.framework */,
				656CD4FA1CC9DFE9002A29F1 /* AVFoundation.framework */,
				656CD4F81CC9DFE0002A29F1 /* AdSupport.framework */,
				F1B64A3D8020B6BA6CDF062D /* Pods.framework */,
				652742B11CCCFA5500F9CC81 /* TVServices.framework */,
			);
			name = Frameworks;
			sourceTree = "<group>";
		};
		650069471CC8D7DA00808F29 /* Scenes */ = {
			isa = PBXGroup;
			children = (
				652B620E1CC5D55A001E553D /* ModernGameScene.swift */,
				650069521CC950D300808F29 /* ClassicGameScene.swift */,
			);
			name = Scenes;
			sourceTree = "<group>";
		};
		652B619F1CC56555001E553D = {
			isa = PBXGroup;
			children = (
				6500695E1CC9BB5800808F29 /* Podfile */,
				652B61AA1CC56555001E553D /* UberJump */,
				652B61A91CC56555001E553D /* Products */,
				413DFE5332207CE6F11037B4 /* Pods */,
				4A5BB90B8CCCCEFB2C43857C /* Frameworks */,
			);
			sourceTree = "<group>";
		};
		652B61A91CC56555001E553D /* Products */ = {
			isa = PBXGroup;
			children = (
				652B61A81CC56555001E553D /* LocknRoll.app */,
				652742B01CCCFA5500F9CC81 /* TopShelf.appex */,
				65185C0E1CCFA32500FF0935 /* Locknroll.app */,
			);
			name = Products;
			sourceTree = "<group>";
		};
		652B61AA1CC56555001E553D /* UberJump */ = {
			isa = PBXGroup;
			children = (
				65AB750F1CCCA62700B8A933 /* Extensions */,
				65AB75121CCCA66300B8A933 /* Helpers */,
				656CD5061CC9E0CF002A29F1 /* applovin-tvos-sdk-3.2.0 */,
				650069471CC8D7DA00808F29 /* Scenes */,
				652B621A1CC5FAA9001E553D /* Models */,
				652B62191CC5FA5D001E553D /* Images */,
				652B62181CC5FA55001E553D /* Controllers */,
				652B61E91CC58FCD001E553D /* Globals */,
				652B61AB1CC56555001E553D /* AppDelegate.swift */,
				652B61B31CC56555001E553D /* Game.xcassets */,
				652B61B51CC56555001E553D /* Main.storyboard */,
				652B61B81CC56555001E553D /* Assets.xcassets */,
				652B61ED1CC59104001E553D /* Sounds */,
				652B61BA1CC56555001E553D /* Info.plist */,
				65C18F2E1CD3A889008CCF24 /* Odin.otf */,
				652B61F21CC59F84001E553D /* Bobbleboddy.ttf */,
				652B61E21CC56BC2001E553D /* Sniglet.ttf */,
				656CD4F71CC9DFA0002A29F1 /* bridge.h */,
			);
			path = UberJump;
			sourceTree = "<group>";
		};
		652B61E91CC58FCD001E553D /* Globals */ = {
			isa = PBXGroup;
			children = (
				652B61EB1CC58FE1001E553D /* AudioPlayer.swift */,
				652B61F01CC59568001E553D /* Globals.swift */,
			);
			name = Globals;
			sourceTree = "<group>";
		};
		652B61ED1CC59104001E553D /* Sounds */ = {
			isa = PBXGroup;
			children = (
				65185C2E1CCFD1BE00FF0935 /* winning.wav */,
				656CD4741CC9CA63002A29F1 /* FAIL.wav */,
				65185C521CD19F1400FF0935 /* collect.wav */,
				656CD4751CC9CA63002A29F1 /* SUCCESS.wav */,
				656CD4761CC9CA63002A29F1 /* TOUCH.ogg */,
				652B61EE1CC59130001E553D /* mainmenu.wav */,
				652B62101CC5F9B8001E553D /* circus.mp3 */,
				652B62121CC5F9CC001E553D /* space.mp3 */,
				652B62141CC5F9EC001E553D /* endless.mp3 */,
				652B61F61CC5BFD8001E553D /* bgmusic.mp3 */,
			);
			name = Sounds;
			sourceTree = "<group>";
		};
		652B62181CC5FA55001E553D /* Controllers */ = {
			isa = PBXGroup;
			children = (
				652B61B11CC56555001E553D /* GameViewController.swift */,
				652B61F41CC5A078001E553D /* SettingsViewController.swift */,
				650069481CC8D7EC00808F29 /* GameController.swift */,
				656CD46A1CC9BCE7002A29F1 /* GameModeController.swift */,
			);
			name = Controllers;
			sourceTree = "<group>";
		};
		652B62191CC5FA5D001E553D /* Images */ = {
			isa = PBXGroup;
			children = (
				65C18F3C1CD3BA19008CCF24 /* options-background.png */,
				65C18F361CD3B502008CCF24 /* options-button-pressed.png */,
				65C18F371CD3B502008CCF24 /* options-button-focus.png */,
				65C18F381CD3B502008CCF24 /* options-button-normal.png */,
				65C18F301CD3B216008CCF24 /* play-button-pressed.png */,
				65C18F311CD3B216008CCF24 /* play-button-selected.png */,
				65C18F321CD3B216008CCF24 /* play-button-normal.png */,
				65C18F2A1CD39890008CCF24 /* intro.mp4 */,
				65C18F2C1CD3990D008CCF24 /* logo.png */,
				652742BE1CCD854800F9CC81 /* skull.png */,
				65AA69601CCC6A9100684034 /* Game Elements */,
				65AA695D1CCC6A4E00684034 /* Buttons */,
				65AA695C1CCC6A4600684034 /* Graphics */,
				652B61E71CC56D07001E553D /* SoloSettingBkg.png */,
				652B61E01CC56B46001E553D /* Window.png */,
				652B61E51CC56C97001E553D /* Bar.png */,
			);
			name = Images;
			sourceTree = "<group>";
		};
		652B621A1CC5FAA9001E553D /* Models */ = {
			isa = PBXGroup;
			children = (
				652B621B1CC5FABB001E553D /* Sound.swift */,
				6533FDFA1CCB3190001390DD /* enums.swift */,
			);
			name = Models;
			sourceTree = "<group>";
		};
		656CD5061CC9E0CF002A29F1 /* applovin-tvos-sdk-3.2.0 */ = {
			isa = PBXGroup;
			children = (
				656CD5071CC9E0CF002A29F1 /* headers */,
				656CD5221CC9E0CF002A29F1 /* libAppLovinTVOS.a */,
			);
			path = "applovin-tvos-sdk-3.2.0";
			sourceTree = "<group>";
		};
		656CD5071CC9E0CF002A29F1 /* headers */ = {
			isa = PBXGroup;
			children = (
				656CD5081CC9E0CF002A29F1 /* ALAd.h */,
				656CD5091CC9E0CF002A29F1 /* ALAdDisplayDelegate.h */,
				656CD50A1CC9E0CF002A29F1 /* ALAdLoadDelegate.h */,
				656CD50B1CC9E0CF002A29F1 /* ALAdRewardDelegate.h */,
				656CD50C1CC9E0CF002A29F1 /* ALAdService.h */,
				656CD50D1CC9E0CF002A29F1 /* ALAdSize.h */,
				656CD50E1CC9E0CF002A29F1 /* ALAdType.h */,
				656CD50F1CC9E0CF002A29F1 /* ALAdUpdateDelegate.h */,
				656CD5101CC9E0CF002A29F1 /* ALAdVideoPlaybackDelegate.h */,
				656CD5111CC9E0CF002A29F1 /* ALAdView.h */,
				656CD5121CC9E0CF002A29F1 /* ALAnnotations.h */,
				656CD5131CC9E0CF002A29F1 /* ALErrorCodes.h */,
				656CD5141CC9E0CF002A29F1 /* ALEventService.h */,
				656CD5151CC9E0CF002A29F1 /* ALEventTypes.h */,
				656CD5161CC9E0CF002A29F1 /* ALIncentivizedInterstitialAd.h */,
				656CD5171CC9E0CF002A29F1 /* ALInterstitialAd.h */,
				656CD5181CC9E0CF002A29F1 /* ALNativeAd.h */,
				656CD5191CC9E0CF002A29F1 /* ALNativeAdLoadDelegate.h */,
				656CD51A1CC9E0CF002A29F1 /* ALNativeAdPrecacheDelegate.h */,
				656CD51B1CC9E0CF002A29F1 /* ALNativeAdService.h */,
				656CD51C1CC9E0CF002A29F1 /* ALPostbackDelegate.h */,
				656CD51D1CC9E0CF002A29F1 /* ALPostbackService.h */,
				656CD51E1CC9E0CF002A29F1 /* ALSdk.h */,
				656CD51F1CC9E0CF002A29F1 /* ALSdkSettings.h */,
				656CD5201CC9E0CF002A29F1 /* ALSwiftHeaders.h */,
				656CD5211CC9E0CF002A29F1 /* ALTargetingData.h */,
			);
			path = headers;
			sourceTree = "<group>";
		};
		65AA695C1CCC6A4600684034 /* Graphics */ = {
			isa = PBXGroup;
			children = (
				6500695A1CC9B88C00808F29 /* PauseOverlay.png */,
				656CD47F1CC9DC61002A29F1 /* classicIcon.png */,
				656CD4801CC9DC61002A29F1 /* modernIcon.png */,
				656CD46C1CC9BF51002A29F1 /* logoOnly.png */,
				6500695B1CC9B88C00808F29 /* splash.png */,
				656CD46D1CC9BF51002A29F1 /* mainBackground.png */,
			);
			name = Graphics;
			sourceTree = "<group>";
		};
		65AA695D1CCC6A4E00684034 /* Buttons */ = {
			isa = PBXGroup;
			children = (
				65AA695F1CCC6A5700684034 /* Highlighted */,
				65AA695E1CCC6A5200684034 /* Normal */,
			);
			name = Buttons;
			sourceTree = "<group>";
		};
		65AA695E1CCC6A5200684034 /* Normal */ = {
			isa = PBXGroup;
			children = (
				652B61C01CC5664A001E553D /* Button-Normal.png */,
				652B61FC1CC5C52C001E553D /* Minus-Normal.png */,
				652B62001CC5C534001E553D /* Plus-Normal.png */,
				652B61DC1CC567D7001E553D /* Settings-Normal.png */,
				652B61D81CC567BA001E553D /* Leaderboard-Normal.png */,
				652B61D01CC56785001E553D /* SoundOff-Normal.png */,
				652B61D11CC56785001E553D /* SoundOn-Normal.png */,
				652B222D1CC6FE71009DCEF9 /* left-normal.png */,
				652B222E1CC6FE71009DCEF9 /* right-normal.png */,
			);
			name = Normal;
			sourceTree = "<group>";
		};
		65AA695F1CCC6A5700684034 /* Highlighted */ = {
			isa = PBXGroup;
			children = (
				652B222F1CC6FE71009DCEF9 /* left-highlight.png */,
				652B22301CC6FE71009DCEF9 /* right-highlight.png */,
				652B61C11CC5664A001E553D /* Button-Highlighted.png */,
				652B62011CC5C534001E553D /* Plus-Highlight.png */,
				652B61FD1CC5C52C001E553D /* Minus-Highlight.png */,
				652B61DD1CC567D7001E553D /* Settings-Highlighted.png */,
				652B61D91CC567BA001E553D /* Leaderboard-Highlighted.png */,
				652B61D21CC56785001E553D /* SoundOff-Highlighted.png */,
				652B61D31CC56785001E553D /* SoundOn-Highlighted.png */,
			);
			name = Highlighted;
			sourceTree = "<group>";
		};
		65AA69601CCC6A9100684034 /* Game Elements */ = {
			isa = PBXGroup;
			children = (
				65AA69621CCC6A9B00684034 /* Modern */,
				65AA69611CCC6A9700684034 /* Classic */,
			);
			name = "Game Elements";
			sourceTree = "<group>";
		};
		65AA69611CCC6A9700684034 /* Classic */ = {
			isa = PBXGroup;
			children = (
				652742CA1CCF7C0500F9CC81 /* circle-shadow.png */,
			);
			name = Classic;
			sourceTree = "<group>";
		};
		65AA69621CCC6A9B00684034 /* Modern */ = {
			isa = PBXGroup;
			children = (
				652B62041CC5D3F2001E553D /* Arrow.png */,
				652B62051CC5D3F2001E553D /* Digits.png */,
				652B62061CC5D3F2001E553D /* Dial.png */,
				652B62071CC5D3F2001E553D /* Lock.png */,
				652B62081CC5D3F2001E553D /* Outer.png */,
				6500694C1CC9243D00808F29 /* Range.png */,
			);
			name = Modern;
			sourceTree = "<group>";
		};
		65AB750F1CCCA62700B8A933 /* Extensions */ = {
			isa = PBXGroup;
			children = (
				65AB75101CCCA63200B8A933 /* CGFloatExtensions.swift */,
				65AB75171CCCB52600B8A933 /* UIColorExtension.swift */,
				65AB75251CCCD2AB00B8A933 /* NumberMorph.swift */,
			);
			name = Extensions;
			sourceTree = "<group>";
		};
		65AB75121CCCA66300B8A933 /* Helpers */ = {
			isa = PBXGroup;
			children = (
				658CE6091CD4590D001DA2FC /* SettingsHelper.swift */,
				65AB75131CCCA66C00B8A933 /* GameHelper.swift */,
				65AB75151CCCA6AD00B8A933 /* AchievementHelper.swift */,
				656BC43D1CD4B223009CAF47 /* SceneHelper.swift */,
			);
			name = Helpers;
			sourceTree = "<group>";
		};
/* End PBXGroup section */

/* Begin PBXNativeTarget section */
		65185C0D1CCFA32500FF0935 /* Locknroll */ = {
			isa = PBXNativeTarget;
			buildConfigurationList = 65185C221CCFA32500FF0935 /* Build configuration list for PBXNativeTarget "Locknroll" */;
			buildPhases = (
				65185C0A1CCFA32500FF0935 /* Sources */,
				65185C0B1CCFA32500FF0935 /* Frameworks */,
				65185C0C1CCFA32500FF0935 /* Resources */,
			);
			buildRules = (
			);
			dependencies = (
			);
			name = Locknroll;
			productName = Locknroll;
			productReference = 65185C0E1CCFA32500FF0935 /* Locknroll.app */;
			productType = "com.apple.product-type.application";
		};
		652742AF1CCCFA5500F9CC81 /* TopShelf */ = {
			isa = PBXNativeTarget;
			buildConfigurationList = 652742BC1CCCFA5500F9CC81 /* Build configuration list for PBXNativeTarget "TopShelf" */;
			buildPhases = (
				652742AC1CCCFA5500F9CC81 /* Sources */,
				652742AD1CCCFA5500F9CC81 /* Frameworks */,
				652742AE1CCCFA5500F9CC81 /* Resources */,
			);
			buildRules = (
			);
			dependencies = (
			);
			name = TopShelf;
			productName = TopShelf;
			productReference = 652742B01CCCFA5500F9CC81 /* TopShelf.appex */;
			productType = "com.apple.product-type.tv-app-extension";
		};
		652B61A71CC56555001E553D /* LocknRoll */ = {
			isa = PBXNativeTarget;
			buildConfigurationList = 652B61BD1CC56555001E553D /* Build configuration list for PBXNativeTarget "LocknRoll" */;
			buildPhases = (
				C2DAAC7A6F403E45B7DA9B3A /* Check Pods Manifest.lock */,
				652B61A41CC56555001E553D /* Sources */,
				652B61A51CC56555001E553D /* Frameworks */,
				652B61A61CC56555001E553D /* Resources */,
				C409ECBF644DD9100B53C0F2 /* Embed Pods Frameworks */,
				DBF963DF267CAEB913B3E911 /* Copy Pods Resources */,
				65AA69381CCC471A00684034 /* ShellScript */,
			);
			buildRules = (
			);
			dependencies = (
			);
			name = LocknRoll;
			productName = UberJump;
			productReference = 652B61A81CC56555001E553D /* LocknRoll.app */;
			productType = "com.apple.product-type.application";
		};
/* End PBXNativeTarget section */

/* Begin PBXProject section */
		652B61A01CC56555001E553D /* Project object */ = {
			isa = PBXProject;
			attributes = {
				KnownAssetTags = (
					"com.apple.gamecenter.Dashboard Image",
					com.apple.gamecenter.classic,
					com.apple.gamecenter.classicendless,
					com.apple.gamecenter.endlessmodern,
					com.apple.gamecenter.hardcoreclassic,
					com.apple.gamecenter.hardcoremodern,
					com.apple.gamecenter.modern,
				);
				LastSwiftUpdateCheck = 0730;
				LastUpgradeCheck = 0730;
				ORGANIZATIONNAME = "Geekfox Consulting";
				TargetAttributes = {
					65185C0D1CCFA32500FF0935 = {
						CreatedOnToolsVersion = 7.3;
						DevelopmentTeam = UN2TNL79Q6;
					};
					652742AF1CCCFA5500F9CC81 = {
						CreatedOnToolsVersion = 7.3;
						DevelopmentTeam = UN2TNL79Q6;
					};
					652B61A71CC56555001E553D = {
						CreatedOnToolsVersion = 7.3;
						DevelopmentTeam = UN2TNL79Q6;
						SystemCapabilities = {
							com.apple.GameCenter = {
								enabled = 1;
							};
						};
					};
				};
			};
			buildConfigurationList = 652B61A31CC56555001E553D /* Build configuration list for PBXProject "LocknRoll" */;
			compatibilityVersion = "Xcode 6.3";
			developmentRegion = English;
			hasScannedForEncodings = 0;
			knownRegions = (
				en,
				Base,
			);
			mainGroup = 652B619F1CC56555001E553D;
			productRefGroup = 652B61A91CC56555001E553D /* Products */;
			projectDirPath = "";
			projectRoot = "";
			targets = (
				652B61A71CC56555001E553D /* LocknRoll */,
				652742AF1CCCFA5500F9CC81 /* TopShelf */,
				65185C0D1CCFA32500FF0935 /* Locknroll */,
			);
		};
/* End PBXProject section */

/* Begin PBXResourcesBuildPhase section */
		65185C0C1CCFA32500FF0935 /* Resources */ = {
			isa = PBXResourcesBuildPhase;
			buildActionMask = 2147483647;
			files = (
			);
			runOnlyForDeploymentPostprocessing = 0;
		};
		652742AE1CCCFA5500F9CC81 /* Resources */ = {
			isa = PBXResourcesBuildPhase;
			buildActionMask = 2147483647;
			files = (
			);
			runOnlyForDeploymentPostprocessing = 0;
		};
		652B61A61CC56555001E553D /* Resources */ = {
			isa = PBXResourcesBuildPhase;
			buildActionMask = 2147483647;
			files = (
				65C18F341CD3B216008CCF24 /* play-button-selected.png in Resources */,
				656CD4771CC9CA63002A29F1 /* FAIL.wav in Resources */,
				656CD4791CC9CA63002A29F1 /* TOUCH.ogg in Resources */,
				6500695F1CC9BB5800808F29 /* Podfile in Resources */,
				652742BF1CCD854800F9CC81 /* skull.png in Resources */,
				652B61DE1CC567D7001E553D /* Settings-Normal.png in Resources */,
				65C18F2F1CD3A889008CCF24 /* Odin.otf in Resources */,
				6500694D1CC9243D00808F29 /* Range.png in Resources */,
				65C18F2B1CD39890008CCF24 /* intro.mp4 in Resources */,
				652B61EF1CC59130001E553D /* mainmenu.wav in Resources */,
				652B22331CC6FE71009DCEF9 /* left-highlight.png in Resources */,
				656CD4701CC9BF51002A29F1 /* mainBackground.png in Resources */,
				652B22341CC6FE71009DCEF9 /* right-highlight.png in Resources */,
				652B61FF1CC5C52C001E553D /* Minus-Highlight.png in Resources */,
				652B61F71CC5BFD8001E553D /* bgmusic.mp3 in Resources */,
				652B62131CC5F9CC001E553D /* space.mp3 in Resources */,
				652B61D61CC56785001E553D /* SoundOff-Highlighted.png in Resources */,
				652B61B71CC56555001E553D /* Main.storyboard in Resources */,
				652B61F31CC59F84001E553D /* Bobbleboddy.ttf in Resources */,
				65C18F391CD3B502008CCF24 /* options-button-pressed.png in Resources */,
				65185C301CCFD1BE00FF0935 /* winning.wav in Resources */,
				6500695C1CC9B88D00808F29 /* PauseOverlay.png in Resources */,
				656CD47A1CC9D4DB002A29F1 /* Sniglet.ttf in Resources */,
				652B61FE1CC5C52C001E553D /* Minus-Normal.png in Resources */,
				652B620B1CC5D3F2001E553D /* Dial.png in Resources */,
				652B62111CC5F9B8001E553D /* circus.mp3 in Resources */,
				652B61C81CC5664A001E553D /* Button-Normal.png in Resources */,
				652B62091CC5D3F2001E553D /* Arrow.png in Resources */,
				652B62031CC5C534001E553D /* Plus-Highlight.png in Resources */,
				652B620D1CC5D3F2001E553D /* Outer.png in Resources */,
				652B62021CC5C534001E553D /* Plus-Normal.png in Resources */,
				65C18F2D1CD3990D008CCF24 /* logo.png in Resources */,
				652B61DB1CC567BA001E553D /* Leaderboard-Highlighted.png in Resources */,
				652742CB1CCF7C0500F9CC81 /* circle-shadow.png in Resources */,
				652B61D71CC56785001E553D /* SoundOn-Highlighted.png in Resources */,
				652B620C1CC5D3F2001E553D /* Lock.png in Resources */,
				652B61B91CC56555001E553D /* Assets.xcassets in Resources */,
				652B620A1CC5D3F2001E553D /* Digits.png in Resources */,
				652B22321CC6FE71009DCEF9 /* right-normal.png in Resources */,
				656CD4811CC9DC61002A29F1 /* classicIcon.png in Resources */,
				65C18F331CD3B216008CCF24 /* play-button-pressed.png in Resources */,
				656CD46F1CC9BF51002A29F1 /* logoOnly.png in Resources */,
				6500695D1CC9B88D00808F29 /* splash.png in Resources */,
				65C18F3B1CD3B502008CCF24 /* options-button-normal.png in Resources */,
				652B61C91CC5664A001E553D /* Button-Highlighted.png in Resources */,
				656CD4781CC9CA63002A29F1 /* SUCCESS.wav in Resources */,
				652B62151CC5F9EC001E553D /* endless.mp3 in Resources */,
				652B61DA1CC567BA001E553D /* Leaderboard-Normal.png in Resources */,
				652B61D41CC56785001E553D /* SoundOff-Normal.png in Resources */,
				65185C531CD19F1400FF0935 /* collect.wav in Resources */,
				652B61E61CC56C97001E553D /* Bar.png in Resources */,
				652B61DF1CC567D7001E553D /* Settings-Highlighted.png in Resources */,
				652B61E11CC56B46001E553D /* Window.png in Resources */,
				652B61D51CC56785001E553D /* SoundOn-Normal.png in Resources */,
				652B61E81CC56D07001E553D /* SoloSettingBkg.png in Resources */,
				65C18F351CD3B216008CCF24 /* play-button-normal.png in Resources */,
				65C18F3D1CD3BA19008CCF24 /* options-background.png in Resources */,
				652B61B41CC56555001E553D /* Game.xcassets in Resources */,
				65C18F3A1CD3B502008CCF24 /* options-button-focus.png in Resources */,
				652B22311CC6FE71009DCEF9 /* left-normal.png in Resources */,
				656CD4821CC9DC61002A29F1 /* modernIcon.png in Resources */,
			);
			runOnlyForDeploymentPostprocessing = 0;
		};
/* End PBXResourcesBuildPhase section */

/* Begin PBXShellScriptBuildPhase section */
		65AA69381CCC471A00684034 /* ShellScript */ = {
			isa = PBXShellScriptBuildPhase;
			buildActionMask = 2147483647;
			files = (
			);
			inputPaths = (
			);
			outputPaths = (
			);
			runOnlyForDeploymentPostprocessing = 0;
			shellPath = /bin/sh;
			shellScript = "\"${PODS_ROOT}/Fabric/run\" d1c8b845af0ca3e9e3672c5859f5e1ec5f5c31f0 a6614f3ac021c7c681baf1e8798fba135708bbe074c6cd856dcf7b6f7e45cf3e";
		};
		C2DAAC7A6F403E45B7DA9B3A /* Check Pods Manifest.lock */ = {
			isa = PBXShellScriptBuildPhase;
			buildActionMask = 2147483647;
			files = (
			);
			inputPaths = (
			);
			name = "Check Pods Manifest.lock";
			outputPaths = (
			);
			runOnlyForDeploymentPostprocessing = 0;
			shellPath = /bin/sh;
			shellScript = "diff \"${PODS_ROOT}/../Podfile.lock\" \"${PODS_ROOT}/Manifest.lock\" > /dev/null\nif [[ $? != 0 ]] ; then\n    cat << EOM\nerror: The sandbox is not in sync with the Podfile.lock. Run 'pod install' or update your CocoaPods installation.\nEOM\n    exit 1\nfi\n";
			showEnvVarsInLog = 0;
		};
		C409ECBF644DD9100B53C0F2 /* Embed Pods Frameworks */ = {
			isa = PBXShellScriptBuildPhase;
			buildActionMask = 2147483647;
			files = (
			);
			inputPaths = (
			);
			name = "Embed Pods Frameworks";
			outputPaths = (
			);
			runOnlyForDeploymentPostprocessing = 0;
			shellPath = /bin/sh;
			shellScript = "\"${SRCROOT}/Pods/Target Support Files/Pods/Pods-frameworks.sh\"\n";
			showEnvVarsInLog = 0;
		};
		DBF963DF267CAEB913B3E911 /* Copy Pods Resources */ = {
			isa = PBXShellScriptBuildPhase;
			buildActionMask = 2147483647;
			files = (
			);
			inputPaths = (
			);
			name = "Copy Pods Resources";
			outputPaths = (
			);
			runOnlyForDeploymentPostprocessing = 0;
			shellPath = /bin/sh;
			shellScript = "\"${SRCROOT}/Pods/Target Support Files/Pods/Pods-resources.sh\"\n";
			showEnvVarsInLog = 0;
		};
/* End PBXShellScriptBuildPhase section */

/* Begin PBXSourcesBuildPhase section */
		65185C0A1CCFA32500FF0935 /* Sources */ = {
			isa = PBXSourcesBuildPhase;
			buildActionMask = 2147483647;
			files = (
				65185C2B1CCFA74400FF0935 /* AchievementHelper.swift in Sources */,
				65185C2A1CCFA73F00FF0935 /* GameHelper.swift in Sources */,
			);
			runOnlyForDeploymentPostprocessing = 0;
		};
		652742AC1CCCFA5500F9CC81 /* Sources */ = {
			isa = PBXSourcesBuildPhase;
			buildActionMask = 2147483647;
			files = (
			);
			runOnlyForDeploymentPostprocessing = 0;
		};
		652B61A41CC56555001E553D /* Sources */ = {
			isa = PBXSourcesBuildPhase;
			buildActionMask = 2147483647;
			files = (
				650069491CC8D7EC00808F29 /* GameController.swift in Sources */,
				652B61B21CC56555001E553D /* GameViewController.swift in Sources */,
				65AB75181CCCB52600B8A933 /* UIColorExtension.swift in Sources */,
				65AB75111CCCA63200B8A933 /* CGFloatExtensions.swift in Sources */,
				652B61AC1CC56555001E553D /* AppDelegate.swift in Sources */,
				650069531CC950D300808F29 /* ClassicGameScene.swift in Sources */,
				652B61F11CC59568001E553D /* Globals.swift in Sources */,
				652B61EC1CC58FE1001E553D /* AudioPlayer.swift in Sources */,
				656CD46B1CC9BCE7002A29F1 /* GameModeController.swift in Sources */,
				65AB75141CCCA66C00B8A933 /* GameHelper.swift in Sources */,
				656BC43E1CD4B223009CAF47 /* SceneHelper.swift in Sources */,
				65AB75161CCCA6AD00B8A933 /* AchievementHelper.swift in Sources */,
				65AB75261CCCD2AB00B8A933 /* NumberMorph.swift in Sources */,
				652B61F51CC5A078001E553D /* SettingsViewController.swift in Sources */,
				652B620F1CC5D55A001E553D /* ModernGameScene.swift in Sources */,
				652B621C1CC5FABB001E553D /* Sound.swift in Sources */,
				658CE60A1CD4590D001DA2FC /* SettingsHelper.swift in Sources */,
				6533FDFB1CCB3190001390DD /* enums.swift in Sources */,
			);
			runOnlyForDeploymentPostprocessing = 0;
		};
/* End PBXSourcesBuildPhase section */

/* Begin PBXVariantGroup section */
		652B61B51CC56555001E553D /* Main.storyboard */ = {
			isa = PBXVariantGroup;
			children = (
				652B61B61CC56555001E553D /* Base */,
			);
			name = Main.storyboard;
			sourceTree = "<group>";
		};
/* End PBXVariantGroup section */

/* Begin XCBuildConfiguration section */
		65185C201CCFA32500FF0935 /* Debug */ = {
			isa = XCBuildConfiguration;
			buildSettings = {
				ASSETCATALOG_COMPILER_APPICON_NAME = AppIcon;
				CODE_SIGN_IDENTITY = "iPhone Developer";
				"CODE_SIGN_IDENTITY[sdk=iphoneos*]" = "iPhone Developer";
				DEBUG_INFORMATION_FORMAT = dwarf;
				ENABLE_BITCODE = NO;
				INFOPLIST_FILE = Locknroll/Info.plist;
				IPHONEOS_DEPLOYMENT_TARGET = 9.3;
				LD_RUNPATH_SEARCH_PATHS = "$(inherited) @executable_path/Frameworks";
				PRODUCT_BUNDLE_IDENTIFIER = Geekfox.Locknroll;
				PRODUCT_NAME = "$(TARGET_NAME)";
				SDKROOT = iphoneos;
				TARGETED_DEVICE_FAMILY = 2;
			};
			name = Debug;
		};
		65185C211CCFA32500FF0935 /* Release */ = {
			isa = XCBuildConfiguration;
			buildSettings = {
				ASSETCATALOG_COMPILER_APPICON_NAME = AppIcon;
				CODE_SIGN_IDENTITY = "iPhone Developer";
				"CODE_SIGN_IDENTITY[sdk=iphoneos*]" = "iPhone Developer";
				ENABLE_BITCODE = NO;
				INFOPLIST_FILE = Locknroll/Info.plist;
				IPHONEOS_DEPLOYMENT_TARGET = 9.3;
				LD_RUNPATH_SEARCH_PATHS = "$(inherited) @executable_path/Frameworks";
				PRODUCT_BUNDLE_IDENTIFIER = Geekfox.Locknroll;
				PRODUCT_NAME = "$(TARGET_NAME)";
				SDKROOT = iphoneos;
				TARGETED_DEVICE_FAMILY = 2;
			};
			name = Release;
		};
		652742BA1CCCFA5500F9CC81 /* Debug */ = {
			isa = XCBuildConfiguration;
			buildSettings = {
				CODE_SIGN_IDENTITY = "iPhone Developer";
				"CODE_SIGN_IDENTITY[sdk=appletvos*]" = "iPhone Developer";
				DEBUG_INFORMATION_FORMAT = dwarf;
				INFOPLIST_FILE = TopShelf/Info.plist;
				LD_RUNPATH_SEARCH_PATHS = "$(inherited) @executable_path/Frameworks @executable_path/../../Frameworks";
				PRODUCT_BUNDLE_IDENTIFIER = com.geekfox.locknroll.TopShelf;
				PRODUCT_NAME = "$(TARGET_NAME)";
				SKIP_INSTALL = YES;
			};
			name = Debug;
		};
		652742BB1CCCFA5500F9CC81 /* Release */ = {
			isa = XCBuildConfiguration;
			buildSettings = {
				CODE_SIGN_IDENTITY = "iPhone Developer";
				"CODE_SIGN_IDENTITY[sdk=appletvos*]" = "iPhone Developer";
				INFOPLIST_FILE = TopShelf/Info.plist;
				LD_RUNPATH_SEARCH_PATHS = "$(inherited) @executable_path/Frameworks @executable_path/../../Frameworks";
				PRODUCT_BUNDLE_IDENTIFIER = com.geekfox.locknroll.TopShelf;
				PRODUCT_NAME = "$(TARGET_NAME)";
				SKIP_INSTALL = YES;
			};
			name = Release;
		};
		652B61BB1CC56555001E553D /* Debug */ = {
			isa = XCBuildConfiguration;
			buildSettings = {
				ALWAYS_SEARCH_USER_PATHS = NO;
				CLANG_ANALYZER_NONNULL = YES;
				CLANG_CXX_LANGUAGE_STANDARD = "gnu++0x";
				CLANG_CXX_LIBRARY = "libc++";
				CLANG_ENABLE_MODULES = YES;
				CLANG_ENABLE_OBJC_ARC = YES;
				CLANG_WARN_BOOL_CONVERSION = YES;
				CLANG_WARN_CONSTANT_CONVERSION = YES;
				CLANG_WARN_DIRECT_OBJC_ISA_USAGE = YES_ERROR;
				CLANG_WARN_EMPTY_BODY = YES;
				CLANG_WARN_ENUM_CONVERSION = YES;
				CLANG_WARN_INT_CONVERSION = YES;
				CLANG_WARN_OBJC_ROOT_CLASS = YES_ERROR;
				CLANG_WARN_UNREACHABLE_CODE = YES;
				CLANG_WARN__DUPLICATE_METHOD_MATCH = YES;
				COPY_PHASE_STRIP = NO;
				DEBUG_INFORMATION_FORMAT = "dwarf-with-dsym";
				ENABLE_BITCODE = YES;
				ENABLE_STRICT_OBJC_MSGSEND = YES;
				ENABLE_TESTABILITY = YES;
				GCC_C_LANGUAGE_STANDARD = gnu99;
				GCC_DYNAMIC_NO_PIC = NO;
				GCC_NO_COMMON_BLOCKS = YES;
				GCC_OPTIMIZATION_LEVEL = 0;
				GCC_PREPROCESSOR_DEFINITIONS = (
					"DEBUG=1",
					"$(inherited)",
				);
				GCC_WARN_64_TO_32_BIT_CONVERSION = YES;
				GCC_WARN_ABOUT_RETURN_TYPE = YES_ERROR;
				GCC_WARN_UNDECLARED_SELECTOR = YES;
				GCC_WARN_UNINITIALIZED_AUTOS = YES_AGGRESSIVE;
				GCC_WARN_UNUSED_FUNCTION = YES;
				GCC_WARN_UNUSED_VARIABLE = YES;
				MTL_ENABLE_DEBUG_INFO = YES;
				ONLY_ACTIVE_ARCH = YES;
				SDKROOT = appletvos;
				SKIP_INSTALL = YES;
				SWIFT_OPTIMIZATION_LEVEL = "-Onone";
				TARGETED_DEVICE_FAMILY = 3;
				TVOS_DEPLOYMENT_TARGET = 9.2;
			};
			name = Debug;
		};
		652B61BC1CC56555001E553D /* Release */ = {
			isa = XCBuildConfiguration;
			buildSettings = {
				ALWAYS_SEARCH_USER_PATHS = NO;
				CLANG_ANALYZER_NONNULL = YES;
				CLANG_CXX_LANGUAGE_STANDARD = "gnu++0x";
				CLANG_CXX_LIBRARY = "libc++";
				CLANG_ENABLE_MODULES = YES;
				CLANG_ENABLE_OBJC_ARC = YES;
				CLANG_WARN_BOOL_CONVERSION = YES;
				CLANG_WARN_CONSTANT_CONVERSION = YES;
				CLANG_WARN_DIRECT_OBJC_ISA_USAGE = YES_ERROR;
				CLANG_WARN_EMPTY_BODY = YES;
				CLANG_WARN_ENUM_CONVERSION = YES;
				CLANG_WARN_INT_CONVERSION = YES;
				CLANG_WARN_OBJC_ROOT_CLASS = YES_ERROR;
				CLANG_WARN_UNREACHABLE_CODE = YES;
				CLANG_WARN__DUPLICATE_METHOD_MATCH = YES;
				COPY_PHASE_STRIP = NO;
				DEBUG_INFORMATION_FORMAT = "dwarf-with-dsym";
				ENABLE_BITCODE = YES;
				ENABLE_NS_ASSERTIONS = NO;
				ENABLE_STRICT_OBJC_MSGSEND = YES;
				GCC_C_LANGUAGE_STANDARD = gnu99;
				GCC_NO_COMMON_BLOCKS = YES;
				GCC_WARN_64_TO_32_BIT_CONVERSION = YES;
				GCC_WARN_ABOUT_RETURN_TYPE = YES_ERROR;
				GCC_WARN_UNDECLARED_SELECTOR = YES;
				GCC_WARN_UNINITIALIZED_AUTOS = YES_AGGRESSIVE;
				GCC_WARN_UNUSED_FUNCTION = YES;
				GCC_WARN_UNUSED_VARIABLE = YES;
				MTL_ENABLE_DEBUG_INFO = NO;
				ONLY_ACTIVE_ARCH = NO;
				SDKROOT = appletvos;
				SKIP_INSTALL = YES;
				TARGETED_DEVICE_FAMILY = 3;
				TVOS_DEPLOYMENT_TARGET = 9.2;
				VALIDATE_PRODUCT = YES;
			};
			name = Release;
		};
		652B61BE1CC56555001E553D /* Debug */ = {
			isa = XCBuildConfiguration;
			baseConfigurationReference = 14AB3B9CC59D1C8E64E1F548 /* Pods.debug.xcconfig */;
			buildSettings = {
				ASSETCATALOG_COMPILER_APPICON_NAME = "App Icon & Top Shelf Image";
				ASSETCATALOG_COMPILER_LAUNCHIMAGE_NAME = LaunchImage;
				CODE_SIGN_IDENTITY = "iPhone Developer";
				"CODE_SIGN_IDENTITY[sdk=appletvos*]" = "iPhone Developer";
				FRAMEWORK_SEARCH_PATHS = (
					"$(inherited)",
					"$(PROJECT_DIR)",
				);
				INFOPLIST_FILE = UberJump/Info.plist;
				LD_RUNPATH_SEARCH_PATHS = "$(inherited) @executable_path/Frameworks";
				LIBRARY_SEARCH_PATHS = (
					"$(inherited)",
					"$(PROJECT_DIR)/UberJump/applovin-ios-sdk-3.2.2",
					"$(PROJECT_DIR)/UberJump/applovin-tvos-sdk-3.2.0",
					"$(PROJECT_DIR)/UberJump",
				);
				OTHER_LDFLAGS = (
					"$(inherited)",
					"-framework",
					"\"ALKit\"",
					"-framework",
					"\"TVOSButton\"",
					"-ObjC",
				);
				PRODUCT_BUNDLE_IDENTIFIER = com.geekfox.locknroll;
				PRODUCT_NAME = LocknRoll;
				PROVISIONING_PROFILE = "";
				SKIP_INSTALL = NO;
				SWIFT_OBJC_BRIDGING_HEADER = UberJump/bridge.h;
			};
			name = Debug;
		};
		652B61BF1CC56555001E553D /* Release */ = {
			isa = XCBuildConfiguration;
			baseConfigurationReference = C1E8887B6C9EBA9CB1B37559 /* Pods.release.xcconfig */;
			buildSettings = {
				ASSETCATALOG_COMPILER_APPICON_NAME = "App Icon & Top Shelf Image";
				ASSETCATALOG_COMPILER_LAUNCHIMAGE_NAME = LaunchImage;
				CODE_SIGN_IDENTITY = "iPhone Developer";
				"CODE_SIGN_IDENTITY[sdk=appletvos*]" = "iPhone Developer";
				FRAMEWORK_SEARCH_PATHS = (
					"$(inherited)",
					"$(PROJECT_DIR)",
				);
				INFOPLIST_FILE = UberJump/Info.plist;
				LD_RUNPATH_SEARCH_PATHS = "$(inherited) @executable_path/Frameworks";
				LIBRARY_SEARCH_PATHS = (
					"$(inherited)",
					"$(PROJECT_DIR)/UberJump/applovin-ios-sdk-3.2.2",
					"$(PROJECT_DIR)/UberJump/applovin-tvos-sdk-3.2.0",
					"$(PROJECT_DIR)/UberJump",
				);
				OTHER_LDFLAGS = (
					"$(inherited)",
					"-framework",
					"\"ALKit\"",
					"-framework",
					"\"TVOSButton\"",
					"-ObjC",
				);
				PRODUCT_BUNDLE_IDENTIFIER = com.geekfox.locknroll;
				PRODUCT_NAME = LocknRoll;
				PROVISIONING_PROFILE = "";
				SKIP_INSTALL = NO;
				SWIFT_OBJC_BRIDGING_HEADER = UberJump/bridge.h;
			};
			name = Release;
		};
/* End XCBuildConfiguration section */

/* Begin XCConfigurationList section */
		65185C221CCFA32500FF0935 /* Build configuration list for PBXNativeTarget "Locknroll" */ = {
			isa = XCConfigurationList;
			buildConfigurations = (
				65185C201CCFA32500FF0935 /* Debug */,
				65185C211CCFA32500FF0935 /* Release */,
			);
			defaultConfigurationIsVisible = 0;
			defaultConfigurationName = Release;
		};
		652742BC1CCCFA5500F9CC81 /* Build configuration list for PBXNativeTarget "TopShelf" */ = {
			isa = XCConfigurationList;
			buildConfigurations = (
				652742BA1CCCFA5500F9CC81 /* Debug */,
				652742BB1CCCFA5500F9CC81 /* Release */,
			);
			defaultConfigurationIsVisible = 0;
			defaultConfigurationName = Release;
		};
		652B61A31CC56555001E553D /* Build configuration list for PBXProject "LocknRoll" */ = {
			isa = XCConfigurationList;
			buildConfigurations = (
				652B61BB1CC56555001E553D /* Debug */,
				652B61BC1CC56555001E553D /* Release */,
			);
			defaultConfigurationIsVisible = 0;
			defaultConfigurationName = Release;
		};
		652B61BD1CC56555001E553D /* Build configuration list for PBXNativeTarget "LocknRoll" */ = {
			isa = XCConfigurationList;
			buildConfigurations = (
				652B61BE1CC56555001E553D /* Debug */,
				652B61BF1CC56555001E553D /* Release */,
			);
			defaultConfigurationIsVisible = 0;
			defaultConfigurationName = Release;
		};
/* End XCConfigurationList section */
	};
	rootObject = 652B61A01CC56555001E553D /* Project object */;
}
